
Microsoft Visual Studio Solution File, Format Version 12.00
# Visual Studio Version 16
VisualStudioVersion = 25.0.1706.10
MinimumVisualStudioVersion = 10.0.40219.1
Project("{FAE04EC0-301F-11D3-BF4B-00C04F79EFBC}") = "ConsoleE", "ConsoleE\ConsoleE.csproj", "{6BB1D624-7CA9-4799-BEC1-1462A29C097C}"
EndProject
Global
	GlobalSection(SolutionConfigurationPlatforms) = preSolution
		Debug|Any CPU = Debug|Any CPU
		Release|Any CPU = Release|Any CPU
	EndGlobalSection
	GlobalSection(ProjectConfigurationPlatforms) = postSolution
		{6BB1D624-7CA9-4799-BEC1-1462A29C097C}.Debug|Any CPU.ActiveCfg = Debug|Any CPU
		{6BB1D624-7CA9-4799-BEC1-1462A29C097C}.Debug|Any CPU.Build.0 = Debug|Any CPU
		{6BB1D624-7CA9-4799-BEC1-1462A29C097C}.Release|Any CPU.ActiveCfg = Release|Any CPU
		{6BB1D624-7CA9-4799-BEC1-1462A29C097C}.Release|Any CPU.Build.0 = Release|Any CPU
	EndGlobalSection
	GlobalSection(SolutionProperties) = preSolution
		HideSolutionNode = FALSE
	EndGlobalSection
	GlobalSection(ExtensibilityGlobals) = postSolution
		SolutionGuid = {A2FDEC99-DFA1-49AA-83BE-2F400D43974E}
	EndGlobalSection
EndGlobal
